
Microsoft Visual Studio Solution File, Format Version 12.00
# Visual Studio 15
VisualStudioVersion = 15.0.28010.2046
MinimumVisualStudioVersion = 10.0.40219.1
Project("{FAE04EC0-301F-11D3-BF4B-00C04F79EFBC}") = "Top20Toppings", "Top20Toppings\Top20Toppings.csproj", "{88CB0E40-2120-48CD-96C5-12FBA7F8F6C6}"
EndProject
Global
	GlobalSection(SolutionConfigurationPlatforms) = preSolution
		Debug|Any CPU = Debug|Any CPU
		Release|Any CPU = Release|Any CPU
	EndGlobalSection
	GlobalSection(ProjectConfigurationPlatforms) = postSolution
		{88CB0E40-2120-48CD-96C5-12FBA7F8F6C6}.Debug|Any CPU.ActiveCfg = Debug|Any CPU
		{88CB0E40-2120-48CD-96C5-12FBA7F8F6C6}.Debug|Any CPU.Build.0 = Debug|Any CPU
		{88CB0E40-2120-48CD-96C5-12FBA7F8F6C6}.Release|Any CPU.ActiveCfg = Release|Any CPU
		{88CB0E40-2120-48CD-96C5-12FBA7F8F6C6}.Release|Any CPU.Build.0 = Release|Any CPU
	EndGlobalSection
	GlobalSection(SolutionProperties) = preSolution
		HideSolutionNode = FALSE
	EndGlobalSection
	GlobalSection(ExtensibilityGlobals) = postSolution
		SolutionGuid = {C522AB36-8699-44B4-8C3D-2247A50CCE38}
	EndGlobalSection
EndGlobal
